github.com/brianvoe/gofakeit v3.20.1+incompatible h1:0cnmSbkD8P1hYWBtP9AXP3QAvt+swgId75teuLOjUuU=
github.com/brianvoe/gofakeit v3.20.1+incompatible/go.mod h1:1ce/yBj+NuinI+PmkiEaryby8dOOTEgBuhO31Y5ynh0=
github.com/brianvoe/gofakeit/v6 v6.28.0 h1:Xib46XXuQfmlLS2EXRuJpqcw8St6qSZz75OUo0tgAW4=
github.com/brianvoe/gofakeit/v6 v6.28.0/go.mod h1:Xj58BMSnFqcn/fAQeSK+/PLtC5kSb7FJIq4JyGa8vEs=
